
Microsoft Visual Studio Solution File, Format Version 12.00
# Visual Studio Version 17
VisualStudioVersion = 17.1.32210.238
MinimumVisualStudioVersion = 10.0.40219.1
Project("{FAE04EC0-301F-11D3-BF4B-00C04F79EFBC}") = "gestion_hotelier", "gestion_hotelier.csproj", "{0E299919-F31D-4F3D-9071-454BCF100410}"
EndProject
Global
	GlobalSection(SolutionConfigurationPlatforms) = preSolution
		Debug|Any CPU = Debug|Any CPU
		Release|Any CPU = Release|Any CPU
	EndGlobalSection
	GlobalSection(ProjectConfigurationPlatforms) = postSolution
		{0E299919-F31D-4F3D-9071-454BCF100410}.Debug|Any CPU.ActiveCfg = Debug|Any CPU
		{0E299919-F31D-4F3D-9071-454BCF100410}.Debug|Any CPU.Build.0 = Debug|Any CPU
		{0E299919-F31D-4F3D-9071-454BCF100410}.Release|Any CPU.ActiveCfg = Release|Any CPU
		{0E299919-F31D-4F3D-9071-454BCF100410}.Release|Any CPU.Build.0 = Release|Any CPU
	EndGlobalSection
	GlobalSection(SolutionProperties) = preSolution
		HideSolutionNode = FALSE
	EndGlobalSection
	GlobalSection(ExtensibilityGlobals) = postSolution
		SolutionGuid = {1A916C12-9587-4AC5-B843-02193C6826B7}
	EndGlobalSection
EndGlobal
